
Microsoft Visual Studio Solution File, Format Version 12.00
# Visual Studio 15
Project("{FAE04EC0-301F-11D3-BF4B-00C04F79EFBC}") = "Assembly-CSharp", "Assembly-CSharp.csproj", "{0AAD9E9E-5F27-99E5-6229-1E85B6746939}"
EndProject
Project("{FAE04EC0-301F-11D3-BF4B-00C04F79EFBC}") = "Assembly-CSharp-firstpass", "Assembly-CSharp-firstpass.csproj", "{65F420BB-D61F-3C96-D4C7-202BB9D5DF8C}"
EndProject
Project("{FAE04EC0-301F-11D3-BF4B-00C04F79EFBC}") = "Assembly-CSharp-Editor-firstpass", "Assembly-CSharp-Editor-firstpass.csproj", "{1DF7922A-F675-A2FF-B4EB-DF225528BD81}"
EndProject
Project("{FAE04EC0-301F-11D3-BF4B-00C04F79EFBC}") = "Assembly-CSharp-Editor", "Assembly-CSharp-Editor.csproj", "{92C0A947-7FE9-598C-6F99-8F270C5C1032}"
EndProject
Global
	GlobalSection(SolutionConfigurationPlatforms) = preSolution
		Debug|Any CPU = Debug|Any CPU
		Release|Any CPU = Release|Any CPU
	EndGlobalSection
	GlobalSection(ProjectConfigurationPlatforms) = postSolution
		{0AAD9E9E-5F27-99E5-6229-1E85B6746939}.Debug|Any CPU.ActiveCfg = Debug|Any CPU
		{0AAD9E9E-5F27-99E5-6229-1E85B6746939}.Debug|Any CPU.Build.0 = Debug|Any CPU
		{0AAD9E9E-5F27-99E5-6229-1E85B6746939}.Release|Any CPU.ActiveCfg = Release|Any CPU
		{0AAD9E9E-5F27-99E5-6229-1E85B6746939}.Release|Any CPU.Build.0 = Release|Any CPU
		{65F420BB-D61F-3C96-D4C7-202BB9D5DF8C}.Debug|Any CPU.ActiveCfg = Debug|Any CPU
		{65F420BB-D61F-3C96-D4C7-202BB9D5DF8C}.Debug|Any CPU.Build.0 = Debug|Any CPU
		{65F420BB-D61F-3C96-D4C7-202BB9D5DF8C}.Release|Any CPU.ActiveCfg = Release|Any CPU
		{65F420BB-D61F-3C96-D4C7-202BB9D5DF8C}.Release|Any CPU.Build.0 = Release|Any CPU
		{1DF7922A-F675-A2FF-B4EB-DF225528BD81}.Debug|Any CPU.ActiveCfg = Debug|Any CPU
		{1DF7922A-F675-A2FF-B4EB-DF225528BD81}.Debug|Any CPU.Build.0 = Debug|Any CPU
		{1DF7922A-F675-A2FF-B4EB-DF225528BD81}.Release|Any CPU.ActiveCfg = Release|Any CPU
		{1DF7922A-F675-A2FF-B4EB-DF225528BD81}.Release|Any CPU.Build.0 = Release|Any CPU
		{92C0A947-7FE9-598C-6F99-8F270C5C1032}.Debug|Any CPU.ActiveCfg = Debug|Any CPU
		{92C0A947-7FE9-598C-6F99-8F270C5C1032}.Debug|Any CPU.Build.0 = Debug|Any CPU
		{92C0A947-7FE9-598C-6F99-8F270C5C1032}.Release|Any CPU.ActiveCfg = Release|Any CPU
		{92C0A947-7FE9-598C-6F99-8F270C5C1032}.Release|Any CPU.Build.0 = Release|Any CPU
	EndGlobalSection
	GlobalSection(SolutionProperties) = preSolution
		HideSolutionNode = FALSE
	EndGlobalSection
EndGlobal
